// !$*UTF8*$!
{
	archiveVersion = 1;
	classes = {
	};
	objectVersion = 48;
	objects = {

/* Begin PBXBuildFile section */
		D072D06B1FBA25AC00F779A3 /* AppDelegate.swift in Sources */ = {isa = PBXBuildFile; fileRef = D072D06A1FBA25AC00F779A3 /* AppDelegate.swift */; };
		D072D06F1FBA25AC00F779A3 /* GameViewController.swift in Sources */ = {isa = PBXBuildFile; fileRef = D072D06E1FBA25AC00F779A3 /* GameViewController.swift */; };
		D072D0721FBA25AC00F779A3 /* Main.storyboard in Resources */ = {isa = PBXBuildFile; fileRef = D072D0701FBA25AC00F779A3 /* Main.storyboard */; };
		D072D0741FBA25AC00F779A3 /* Assets.xcassets in Resources */ = {isa = PBXBuildFile; fileRef = D072D0731FBA25AC00F779A3 /* Assets.xcassets */; };
		D072D0771FBA25AC00F779A3 /* LaunchScreen.storyboard in Resources */ = {isa = PBXBuildFile; fileRef = D072D0751FBA25AC00F779A3 /* LaunchScreen.storyboard */; };
/* End PBXBuildFile section */

/* Begin PBXFileReference section */
		D072D0671FBA25AC00F779A3 /* Breaker.app */ = {isa = PBXFileReference; explicitFileType = wrapper.application; includeInIndex = 0; path = Breaker.app; sourceTree = BUILT_PRODUCTS_DIR; };
		D072D06A1FBA25AC00F779A3 /* AppDelegate.swift */ = {isa = PBXFileReference; lastKnownFileType = sourcecode.swift; path = AppDelegate.swift; sourceTree = "<group>"; };
		D072D06E1FBA25AC00F779A3 /* GameViewController.swift */ = {isa = PBXFileReference; lastKnownFileType = sourcecode.swift; path = GameViewController.swift; sourceTree = "<group>"; };
		D072D0711FBA25AC00F779A3 /* Base */ = {isa = PBXFileReference; lastKnownFileType = file.storyboard; name = Base; path = Base.lproj/Main.storyboard; sourceTree = "<group>"; };
		D072D0731FBA25AC00F779A3 /* Assets.xcassets */ = {isa = PBXFileReference; lastKnownFileType = folder.assetcatalog; path = Assets.xcassets; sourceTree = "<group>"; };
		D072D0761FBA25AC00F779A3 /* Base */ = {isa = PBXFileReference; lastKnownFileType = file.storyboard; name = Base; path = Base.lproj/LaunchScreen.storyboard; sourceTree = "<group>"; };
		D072D0781FBA25AC00F779A3 /* Info.plist */ = {isa = PBXFileReference; lastKnownFileType = text.plist.xml; path = Info.plist; sourceTree = "<group>"; };
/* End PBXFileReference section */

/* Begin PBXFrameworksBuildPhase section */
		D072D0641FBA25AC00F779A3 /* Frameworks */ = {
			isa = PBXFrameworksBuildPhase;
			buildActionMask = 2147483647;
			files = (
			);
			runOnlyForDeploymentPostprocessing = 0;
		};
/* End PBXFrameworksBuildPhase section */

/* Begin PBXGroup section */
		D072D05E1FBA25AC00F779A3 = {
			isa = PBXGroup;
			children = (
				D072D0691FBA25AC00F779A3 /* Breaker */,
				D072D0681FBA25AC00F779A3 /* Products */,
			);
			sourceTree = "<group>";
		};
		D072D0681FBA25AC00F779A3 /* Products */ = {
			isa = PBXGroup;
			children = (
				D072D0671FBA25AC00F779A3 /* Breaker.app */,
			);
			name = Products;
			sourceTree = "<group>";
		};
		D072D0691FBA25AC00F779A3 /* Breaker */ = {
			isa = PBXGroup;
			children = (
				D072D06A1FBA25AC00F779A3 /* AppDelegate.swift */,
				D072D06E1FBA25AC00F779A3 /* GameViewController.swift */,
				D072D0701FBA25AC00F779A3 /* Main.storyboard */,
				D072D0731FBA25AC00F779A3 /* Assets.xcassets */,
				D072D0751FBA25AC00F779A3 /* LaunchScreen.storyboard */,
				D072D0781FBA25AC00F779A3 /* Info.plist */,
			);
			path = Breaker;
			sourceTree = "<group>";
		};
/* End PBXGroup section */

/* Begin PBXNativeTarget section */
		D072D0661FBA25AC00F779A3 /* Breaker */ = {
			isa = PBXNativeTarget;
			buildConfigurationList = D072D07B1FBA25AC00F779A3 /* Build configuration list for PBXNativeTarget "Breaker" */;
			buildPhases = (
				D072D0631FBA25AC00F779A3 /* Sources */,
				D072D0641FBA25AC00F779A3 /* Frameworks */,
				D072D0651FBA25AC00F779A3 /* Resources */,
			);
			buildRules = (
			);
			dependencies = (
			);
			name = Breaker;
			productName = Breaker;
			productReference = D072D0671FBA25AC00F779A3 /* Breaker.app */;
			productType = "com.apple.product-type.application";
		};
/* End PBXNativeTarget section */

/* Begin PBXProject section */
		D072D05F1FBA25AC00F779A3 /* Project object */ = {
			isa = PBXProject;
			attributes = {
				LastSwiftUpdateCheck = 0910;
				LastUpgradeCheck = 0910;
				ORGANIZATIONNAME = "mick murphy";
				TargetAttributes = {
					D072D0661FBA25AC00F779A3 = {
						CreatedOnToolsVersion = 9.1;
						ProvisioningStyle = Automatic;
					};
				};
			};
			buildConfigurationList = D072D0621FBA25AC00F779A3 /* Build configuration list for PBXProject "Breaker" */;
			compatibilityVersion = "Xcode 8.0";
			developmentRegion = en;
			hasScannedForEncodings = 0;
			knownRegions = (
				en,
				Base,
			);
			mainGroup = D072D05E1FBA25AC00F779A3;
			productRefGroup = D072D0681FBA25AC00F779A3 /* Products */;
			projectDirPath = "";
			projectRoot = "";
			targets = (
				D072D0661FBA25AC00F779A3 /* Breaker */,
			);
		};
/* End PBXProject section */

/* Begin PBXResourcesBuildPhase section */
		D072D0651FBA25AC00F779A3 /* Resources */ = {
			isa = PBXResourcesBuildPhase;
			buildActionMask = 2147483647;
			files = (
				D072D0771FBA25AC00F779A3 /* LaunchScreen.storyboard in Resources */,
				D072D0741FBA25AC00F779A3 /* Assets.xcassets in Resources */,
				D072D0721FBA25AC00F779A3 /* Main.storyboard in Resources */,
			);
			runOnlyForDeploymentPostprocessing = 0;
		};
/* End PBXResourcesBuildPhase section */

/* Begin PBXSourcesBuildPhase section */
		D072D0631FBA25AC00F779A3 /* Sources */ = {
			isa = PBXSourcesBuildPhase;
			buildActionMask = 2147483647;
			files = (
				D072D06F1FBA25AC00F779A3 /* GameViewController.swift in Sources */,
				D072D06B1FBA25AC00F779A3 /* AppDelegate.swift in Sources */,
			);
			runOnlyForDeploymentPostprocessing = 0;
		};
/* End PBXSourcesBuildPhase section */

/* Begin PBXVariantGroup section */
		D072D0701FBA25AC00F779A3 /* Main.storyboard */ = {
			isa = PBXVariantGroup;
			children = (
				D072D0711FBA25AC00F779A3 /* Base */,
			);
			name = Main.storyboard;
			sourceTree = "<group>";
		};
		D072D0751FBA25AC00F779A3 /* LaunchScreen.storyboard */ = {
			isa = PBXVariantGroup;
			children = (
				D072D0761FBA25AC00F779A3 /* Base */,
			);
			name = LaunchScreen.storyboard;
			sourceTree = "<group>";
		};
/* End PBXVariantGroup section */

/* Begin XCBuildConfiguration section */
		D072D0791FBA25AC00F779A3 /* Debug */ = {
			isa = XCBuildConfiguration;
			buildSettings = {
				ALWAYS_SEARCH_USER_PATHS = NO;
				CLANG_ANALYZER_NONNULL = YES;
				CLANG_ANALYZER_NUMBER_OBJECT_CONVERSION = YES_AGGRESSIVE;
				CLANG_CXX_LANGUAGE_STANDARD = "gnu++14";
				CLANG_CXX_LIBRARY = "libc++";
				CLANG_ENABLE_MODULES = YES;
				CLANG_ENABLE_OBJC_ARC = YES;
				CLANG_WARN_BLOCK_CAPTURE_AUTORELEASING = YES;
				CLANG_WARN_BOOL_CONVERSION = YES;
				CLANG_WARN_COMMA = YES;
				CLANG_WARN_CONSTANT_CONVERSION = YES;
				CLANG_WARN_DIRECT_OBJC_ISA_USAGE = YES_ERROR;
				CLANG_WARN_DOCUMENTATION_COMMENTS = YES;
				CLANG_WARN_EMPTY_BODY = YES;
				CLANG_WARN_ENUM_CONVERSION = YES;
				CLANG_WARN_INFINITE_RECURSION = YES;
				CLANG_WARN_INT_CONVERSION = YES;
				CLANG_WARN_NON_LITERAL_NULL_CONVERSION = YES;
				CLANG_WARN_OBJC_LITERAL_CONVERSION = YES;
				CLANG_WARN_OBJC_ROOT_CLASS = YES_ERROR;
				CLANG_WARN_RANGE_LOOP_ANALYSIS = YES;
				CLANG_WARN_STRICT_PROTOTYPES = YES;
				CLANG_WARN_SUSPICIOUS_MOVE = YES;
				CLANG_WARN_UNGUARDED_AVAILABILITY = YES_AGGRESSIVE;
				CLANG_WARN_UNREACHABLE_CODE = YES;
				CLANG_WARN__DUPLICATE_METHOD_MATCH = YES;
				CODE_SIGN_IDENTITY = "iPhone Developer";
				COPY_PHASE_STRIP = NO;
				DEBUG_INFORMATION_FORMAT = dwarf;
				ENABLE_STRICT_OBJC_MSGSEND = YES;
				ENABLE_TESTABILITY = YES;
				GCC_C_LANGUAGE_STANDARD = gnu11;
				GCC_DYNAMIC_NO_PIC = NO;
				GCC_NO_COMMON_BLOCKS = YES;
				GCC_OPTIMIZATION_LEVEL = 0;
				GCC_PREPROCESSOR_DEFINITIONS = (
					"DEBUG=1",
					"$(inherited)",
				);
				GCC_WARN_64_TO_32_BIT_CONVERSION = YES;
				GCC_WARN_ABOUT_RETURN_TYPE = YES_ERROR;
				GCC_WARN_UNDECLARED_SELECTOR = YES;
				GCC_WARN_UNINITIALIZED_AUTOS = YES_AGGRESSIVE;
				GCC_WARN_UNUSED_FUNCTION = YES;
				GCC_WARN_UNUSED_VARIABLE = YES;
				IPHONEOS_DEPLOYMENT_TARGET = 11.1;
				MTL_ENABLE_DEBUG_INFO = YES;
				ONLY_ACTIVE_ARCH = YES;
				SDKROOT = iphoneos;
				SWIFT_ACTIVE_COMPILATION_CONDITIONS = DEBUG;
				SWIFT_OPTIMIZATION_LEVEL = "-Onone";
			};
			name = Debug;
		};
		D072D07A1FBA25AC00F779A3 /* Release */ = {
			isa = XCBuildConfiguration;
			buildSettings = {
				ALWAYS_SEARCH_USER_PATHS = NO;
				CLANG_ANALYZER_NONNULL = YES;
				CLANG_ANALYZER_NUMBER_OBJECT_CONVERSION = YES_AGGRESSIVE;
				CLANG_CXX_LANGUAGE_STANDARD = "gnu++14";
				CLANG_CXX_LIBRARY = "libc++";
				CLANG_ENABLE_MODULES = YES;
				CLANG_ENABLE_OBJC_ARC = YES;
				CLANG_WARN_BLOCK_CAPTURE_AUTORELEASING = YES;
				CLANG_WARN_BOOL_CONVERSION = YES;
				CLANG_WARN_COMMA = YES;
				CLANG_WARN_CONSTANT_CONVERSION = YES;
				CLANG_WARN_DIRECT_OBJC_ISA_USAGE = YES_ERROR;
				CLANG_WARN_DOCUMENTATION_COMMENTS = YES;
				CLANG_WARN_EMPTY_BODY = YES;
				CLANG_WARN_ENUM_CONVERSION = YES;
				CLANG_WARN_INFINITE_RECURSION = YES;
				CLANG_WARN_INT_CONVERSION = YES;
				CLANG_WARN_NON_LITERAL_NULL_CONVERSION = YES;
				CLANG_WARN_OBJC_LITERAL_CONVERSION = YES;
				CLANG_WARN_OBJC_ROOT_CLASS = YES_ERROR;
				CLANG_WARN_RANGE_LOOP_ANALYSIS = YES;
				CLANG_WARN_STRICT_PROTOTYPES = YES;
				CLANG_WARN_SUSPICIOUS_MOVE = YES;
				CLANG_WARN_UNGUARDED_AVAILABILITY = YES_AGGRESSIVE;
				CLANG_WARN_UNREACHABLE_CODE = YES;
				CLANG_WARN__DUPLICATE_METHOD_MATCH = YES;
				CODE_SIGN_IDENTITY = "iPhone Developer";
				COPY_PHASE_STRIP = NO;
				DEBUG_INFORMATION_FORMAT = "dwarf-with-dsym";
				ENABLE_NS_ASSERTIONS = NO;
				ENABLE_STRICT_OBJC_MSGSEND = YES;
				GCC_C_LANGUAGE_STANDARD = gnu11;
				GCC_NO_COMMON_BLOCKS = YES;
				GCC_WARN_64_TO_32_BIT_CONVERSION = YES;
				GCC_WARN_ABOUT_RETURN_TYPE = YES_ERROR;
				GCC_WARN_UNDECLARED_SELECTOR = YES;
				GCC_WARN_UNINITIALIZED_AUTOS = YES_AGGRESSIVE;
				GCC_WARN_UNUSED_FUNCTION = YES;
				GCC_WARN_UNUSED_VARIABLE = YES;
				IPHONEOS_DEPLOYMENT_TARGET = 11.1;
				MTL_ENABLE_DEBUG_INFO = NO;
				SDKROOT = iphoneos;
				SWIFT_OPTIMIZATION_LEVEL = "-Owholemodule";
				VALIDATE_PRODUCT = YES;
			};
			name = Release;
		};
		D072D07C1FBA25AC00F779A3 /* Debug */ = {
			isa = XCBuildConfiguration;
			buildSettings = {
				ASSETCATALOG_COMPILER_APPICON_NAME = AppIcon;
				CODE_SIGN_STYLE = Automatic;
				INFOPLIST_FILE = Breaker/Info.plist;
				LD_RUNPATH_SEARCH_PATHS = "$(inherited) @executable_path/Frameworks";
				PRODUCT_BUNDLE_IDENTIFIER = "Warp-Plasma-Inc.Breaker";
				PRODUCT_NAME = "$(TARGET_NAME)";
				SWIFT_VERSION = 4.0;
				TARGETED_DEVICE_FAMILY = "1,2";
			};
			name = Debug;
		};
		D072D07D1FBA25AC00F779A3 /* Release */ = {
			isa = XCBuildConfiguration;
			buildSettings = {
				ASSETCATALOG_COMPILER_APPICON_NAME = AppIcon;
				CODE_SIGN_STYLE = Automatic;
				INFOPLIST_FILE = Breaker/Info.plist;
				LD_RUNPATH_SEARCH_PATHS = "$(inherited) @executable_path/Frameworks";
				PRODUCT_BUNDLE_IDENTIFIER = "Warp-Plasma-Inc.Breaker";
				PRODUCT_NAME = "$(TARGET_NAME)";
				SWIFT_VERSION = 4.0;
				TARGETED_DEVICE_FAMILY = "1,2";
			};
			name = Release;
		};
/* End XCBuildConfiguration section */

/* Begin XCConfigurationList section */
		D072D0621FBA25AC00F779A3 /* Build configuration list for PBXProject "Breaker" */ = {
			isa = XCConfigurationList;
			buildConfigurations = (
				D072D0791FBA25AC00F779A3 /* Debug */,
				D072D07A1FBA25AC00F779A3 /* Release */,
			);
			defaultConfigurationIsVisible = 0;
			defaultConfigurationName = Release;
		};
		D072D07B1FBA25AC00F779A3 /* Build configuration list for PBXNativeTarget "Breaker" */ = {
			isa = XCConfigurationList;
			buildConfigurations = (
				D072D07C1FBA25AC00F779A3 /* Debug */,
				D072D07D1FBA25AC00F779A3 /* Release */,
			);
			defaultConfigurationIsVisible = 0;
			defaultConfigurationName = Release;
		};
/* End XCConfigurationList section */
	};
	rootObject = D072D05F1FBA25AC00F779A3 /* Project object */;
}
